
Microsoft Visual Studio Solution File, Format Version 12.00
# Visual Studio Version 17
VisualStudioVersion = 17.3.32922.545
MinimumVisualStudioVersion = 10.0.40219.1
Project("{9A19103F-16F7-4668-BE54-9A1E7A4F7556}") = "ImageLabel", "ImageLabel\ImageLabel.csproj", "{31146489-131A-46F0-A6D2-7BD8AC136D58}"
EndProject
Project("{9A19103F-16F7-4668-BE54-9A1E7A4F7556}") = "ImageTrain", "ImageTrain\ImageTrain.csproj", "{7F19D932-3AE8-4EE0-BBC3-A9D98327FBB1}"
EndProject
Project("{9A19103F-16F7-4668-BE54-9A1E7A4F7556}") = "VideoLabel", "VideoLabel\VideoLabel.csproj", "{3E4E20FB-92F3-4A0B-B54B-1685ED4401AA}"
EndProject
Project("{9A19103F-16F7-4668-BE54-9A1E7A4F7556}") = "ExcludeSimilarity", "ExcludeSimilarity\ExcludeSimilarity.csproj", "{9BB05F4C-A862-454E-91A9-3CC8BD1284DD}"
EndProject
Project("{888888A0-9F3D-457C-B088-3A5042F75D52}") = "ImageDetectPython", "ImageDetectPython\ImageDetectPython.pyproj", "{70C13F3D-5CE2-49D1-B86D-14DB7B7C8697}"
EndProject
Project("{9A19103F-16F7-4668-BE54-9A1E7A4F7556}") = "ImageDetectCS", "ImageDetectCS\ImageDetectCS.csproj", "{DD522523-AFAD-4756-A929-CBC29471E9A9}"
EndProject
Project("{9A19103F-16F7-4668-BE54-9A1E7A4F7556}") = "BuildLabelByONNX", "BuildLabelByONNX\BuildLabelByONNX.csproj", "{0FBF73BF-7BD4-4F98-B440-610772A84520}"
EndProject
Project("{9A19103F-16F7-4668-BE54-9A1E7A4F7556}") = "YoloV8", "YOLOv8-main\Source\YoloV8\YoloV8.csproj", "{A589278F-91D7-47D0-901D-8FD66B85D9D3}"
EndProject
Project("{FAE04EC0-301F-11D3-BF4B-00C04F79EFBC}") = "ImageDetectWinForm", "ImageDetectWinForm\ImageDetectWinForm.csproj", "{51F2CD02-92A0-413F-BC5C-84BF1EA674E3}"
EndProject
Global
	GlobalSection(SolutionConfigurationPlatforms) = preSolution
		Debug|Any CPU = Debug|Any CPU
		Debug|ARM = Debug|ARM
		Debug|iPhone = Debug|iPhone
		Debug|iPhoneSimulator = Debug|iPhoneSimulator
		Debug|x64 = Debug|x64
		Debug|x86 = Debug|x86
		Release|Any CPU = Release|Any CPU
		Release|ARM = Release|ARM
		Release|iPhone = Release|iPhone
		Release|iPhoneSimulator = Release|iPhoneSimulator
		Release|x64 = Release|x64
		Release|x86 = Release|x86
		Release-JP|Any CPU = Release-JP|Any CPU
		Release-JP|ARM = Release-JP|ARM
		Release-JP|iPhone = Release-JP|iPhone
		Release-JP|iPhoneSimulator = Release-JP|iPhoneSimulator
		Release-JP|x64 = Release-JP|x64
		Release-JP|x86 = Release-JP|x86
	EndGlobalSection
	GlobalSection(ProjectConfigurationPlatforms) = postSolution
		{31146489-131A-46F0-A6D2-7BD8AC136D58}.Debug|Any CPU.ActiveCfg = Debug|Any CPU
		{31146489-131A-46F0-A6D2-7BD8AC136D58}.Debug|Any CPU.Build.0 = Debug|Any CPU
		{31146489-131A-46F0-A6D2-7BD8AC136D58}.Debug|ARM.ActiveCfg = Debug|Any CPU
		{31146489-131A-46F0-A6D2-7BD8AC136D58}.Debug|ARM.Build.0 = Debug|Any CPU
		{31146489-131A-46F0-A6D2-7BD8AC136D58}.Debug|iPhone.ActiveCfg = Debug|Any CPU
		{31146489-131A-46F0-A6D2-7BD8AC136D58}.Debug|iPhone.Build.0 = Debug|Any CPU
		{31146489-131A-46F0-A6D2-7BD8AC136D58}.Debug|iPhoneSimulator.ActiveCfg = Debug|Any CPU
		{31146489-131A-46F0-A6D2-7BD8AC136D58}.Debug|iPhoneSimulator.Build.0 = Debug|Any CPU
		{31146489-131A-46F0-A6D2-7BD8AC136D58}.Debug|x64.ActiveCfg = Debug|Any CPU
		{31146489-131A-46F0-A6D2-7BD8AC136D58}.Debug|x64.Build.0 = Debug|Any CPU
		{31146489-131A-46F0-A6D2-7BD8AC136D58}.Debug|x86.ActiveCfg = Debug|Any CPU
		{31146489-131A-46F0-A6D2-7BD8AC136D58}.Debug|x86.Build.0 = Debug|Any CPU
		{31146489-131A-46F0-A6D2-7BD8AC136D58}.Release|Any CPU.ActiveCfg = Release|Any CPU
		{31146489-131A-46F0-A6D2-7BD8AC136D58}.Release|Any CPU.Build.0 = Release|Any CPU
		{31146489-131A-46F0-A6D2-7BD8AC136D58}.Release|ARM.ActiveCfg = Release|Any CPU
		{31146489-131A-46F0-A6D2-7BD8AC136D58}.Release|ARM.Build.0 = Release|Any CPU
		{31146489-131A-46F0-A6D2-7BD8AC136D58}.Release|iPhone.ActiveCfg = Release|Any CPU
		{31146489-131A-46F0-A6D2-7BD8AC136D58}.Release|iPhone.Build.0 = Release|Any CPU
		{31146489-131A-46F0-A6D2-7BD8AC136D58}.Release|iPhoneSimulator.ActiveCfg = Release|Any CPU
		{31146489-131A-46F0-A6D2-7BD8AC136D58}.Release|iPhoneSimulator.Build.0 = Release|Any CPU
		{31146489-131A-46F0-A6D2-7BD8AC136D58}.Release|x64.ActiveCfg = Release|Any CPU
		{31146489-131A-46F0-A6D2-7BD8AC136D58}.Release|x64.Build.0 = Release|Any CPU
		{31146489-131A-46F0-A6D2-7BD8AC136D58}.Release|x86.ActiveCfg = Release|Any CPU
		{31146489-131A-46F0-A6D2-7BD8AC136D58}.Release|x86.Build.0 = Release|Any CPU
		{31146489-131A-46F0-A6D2-7BD8AC136D58}.Release-JP|Any CPU.ActiveCfg = Release|Any CPU
		{31146489-131A-46F0-A6D2-7BD8AC136D58}.Release-JP|Any CPU.Build.0 = Release|Any CPU
		{31146489-131A-46F0-A6D2-7BD8AC136D58}.Release-JP|ARM.ActiveCfg = Release|Any CPU
		{31146489-131A-46F0-A6D2-7BD8AC136D58}.Release-JP|ARM.Build.0 = Release|Any CPU
		{31146489-131A-46F0-A6D2-7BD8AC136D58}.Release-JP|iPhone.ActiveCfg = Release|Any CPU
		{31146489-131A-46F0-A6D2-7BD8AC136D58}.Release-JP|iPhone.Build.0 = Release|Any CPU
		{31146489-131A-46F0-A6D2-7BD8AC136D58}.Release-JP|iPhoneSimulator.ActiveCfg = Release|Any CPU
		{31146489-131A-46F0-A6D2-7BD8AC136D58}.Release-JP|iPhoneSimulator.Build.0 = Release|Any CPU
		{31146489-131A-46F0-A6D2-7BD8AC136D58}.Release-JP|x64.ActiveCfg = Release|Any CPU
		{31146489-131A-46F0-A6D2-7BD8AC136D58}.Release-JP|x64.Build.0 = Release|Any CPU
		{31146489-131A-46F0-A6D2-7BD8AC136D58}.Release-JP|x86.ActiveCfg = Release|Any CPU
		{31146489-131A-46F0-A6D2-7BD8AC136D58}.Release-JP|x86.Build.0 = Release|Any CPU
		{7F19D932-3AE8-4EE0-BBC3-A9D98327FBB1}.Debug|Any CPU.ActiveCfg = Debug|Any CPU
		{7F19D932-3AE8-4EE0-BBC3-A9D98327FBB1}.Debug|Any CPU.Build.0 = Debug|Any CPU
		{7F19D932-3AE8-4EE0-BBC3-A9D98327FBB1}.Debug|ARM.ActiveCfg = Debug|Any CPU
		{7F19D932-3AE8-4EE0-BBC3-A9D98327FBB1}.Debug|ARM.Build.0 = Debug|Any CPU
		{7F19D932-3AE8-4EE0-BBC3-A9D98327FBB1}.Debug|iPhone.ActiveCfg = Debug|Any CPU
		{7F19D932-3AE8-4EE0-BBC3-A9D98327FBB1}.Debug|iPhone.Build.0 = Debug|Any CPU
		{7F19D932-3AE8-4EE0-BBC3-A9D98327FBB1}.Debug|iPhoneSimulator.ActiveCfg = Debug|Any CPU
		{7F19D932-3AE8-4EE0-BBC3-A9D98327FBB1}.Debug|iPhoneSimulator.Build.0 = Debug|Any CPU
		{7F19D932-3AE8-4EE0-BBC3-A9D98327FBB1}.Debug|x64.ActiveCfg = Debug|Any CPU
		{7F19D932-3AE8-4EE0-BBC3-A9D98327FBB1}.Debug|x64.Build.0 = Debug|Any CPU
		{7F19D932-3AE8-4EE0-BBC3-A9D98327FBB1}.Debug|x86.ActiveCfg = Debug|Any CPU
		{7F19D932-3AE8-4EE0-BBC3-A9D98327FBB1}.Debug|x86.Build.0 = Debug|Any CPU
		{7F19D932-3AE8-4EE0-BBC3-A9D98327FBB1}.Release|Any CPU.ActiveCfg = Release|Any CPU
		{7F19D932-3AE8-4EE0-BBC3-A9D98327FBB1}.Release|Any CPU.Build.0 = Release|Any CPU
		{7F19D932-3AE8-4EE0-BBC3-A9D98327FBB1}.Release|ARM.ActiveCfg = Release|Any CPU
		{7F19D932-3AE8-4EE0-BBC3-A9D98327FBB1}.Release|ARM.Build.0 = Release|Any CPU
		{7F19D932-3AE8-4EE0-BBC3-A9D98327FBB1}.Release|iPhone.ActiveCfg = Release|Any CPU
		{7F19D932-3AE8-4EE0-BBC3-A9D98327FBB1}.Release|iPhone.Build.0 = Release|Any CPU
		{7F19D932-3AE8-4EE0-BBC3-A9D98327FBB1}.Release|iPhoneSimulator.ActiveCfg = Release|Any CPU
		{7F19D932-3AE8-4EE0-BBC3-A9D98327FBB1}.Release|iPhoneSimulator.Build.0 = Release|Any CPU
		{7F19D932-3AE8-4EE0-BBC3-A9D98327FBB1}.Release|x64.ActiveCfg = Release|Any CPU
		{7F19D932-3AE8-4EE0-BBC3-A9D98327FBB1}.Release|x64.Build.0 = Release|Any CPU
		{7F19D932-3AE8-4EE0-BBC3-A9D98327FBB1}.Release|x86.ActiveCfg = Release|Any CPU
		{7F19D932-3AE8-4EE0-BBC3-A9D98327FBB1}.Release|x86.Build.0 = Release|Any CPU
		{7F19D932-3AE8-4EE0-BBC3-A9D98327FBB1}.Release-JP|Any CPU.ActiveCfg = Release|Any CPU
		{7F19D932-3AE8-4EE0-BBC3-A9D98327FBB1}.Release-JP|Any CPU.Build.0 = Release|Any CPU
		{7F19D932-3AE8-4EE0-BBC3-A9D98327FBB1}.Release-JP|ARM.ActiveCfg = Release|Any CPU
		{7F19D932-3AE8-4EE0-BBC3-A9D98327FBB1}.Release-JP|ARM.Build.0 = Release|Any CPU
		{7F19D932-3AE8-4EE0-BBC3-A9D98327FBB1}.Release-JP|iPhone.ActiveCfg = Release|Any CPU
		{7F19D932-3AE8-4EE0-BBC3-A9D98327FBB1}.Release-JP|iPhone.Build.0 = Release|Any CPU
		{7F19D932-3AE8-4EE0-BBC3-A9D98327FBB1}.Release-JP|iPhoneSimulator.ActiveCfg = Release|Any CPU
		{7F19D932-3AE8-4EE0-BBC3-A9D98327FBB1}.Release-JP|iPhoneSimulator.Build.0 = Release|Any CPU
		{7F19D932-3AE8-4EE0-BBC3-A9D98327FBB1}.Release-JP|x64.ActiveCfg = Release|Any CPU
		{7F19D932-3AE8-4EE0-BBC3-A9D98327FBB1}.Release-JP|x64.Build.0 = Release|Any CPU
		{7F19D932-3AE8-4EE0-BBC3-A9D98327FBB1}.Release-JP|x86.ActiveCfg = Release|Any CPU
		{7F19D932-3AE8-4EE0-BBC3-A9D98327FBB1}.Release-JP|x86.Build.0 = Release|Any CPU
		{3E4E20FB-92F3-4A0B-B54B-1685ED4401AA}.Debug|Any CPU.ActiveCfg = Debug|Any CPU
		{3E4E20FB-92F3-4A0B-B54B-1685ED4401AA}.Debug|Any CPU.Build.0 = Debug|Any CPU
		{3E4E20FB-92F3-4A0B-B54B-1685ED4401AA}.Debug|ARM.ActiveCfg = Debug|Any CPU
		{3E4E20FB-92F3-4A0B-B54B-1685ED4401AA}.Debug|ARM.Build.0 = Debug|Any CPU
		{3E4E20FB-92F3-4A0B-B54B-1685ED4401AA}.Debug|iPhone.ActiveCfg = Debug|Any CPU
		{3E4E20FB-92F3-4A0B-B54B-1685ED4401AA}.Debug|iPhone.Build.0 = Debug|Any CPU
		{3E4E20FB-92F3-4A0B-B54B-1685ED4401AA}.Debug|iPhoneSimulator.ActiveCfg = Debug|Any CPU
		{3E4E20FB-92F3-4A0B-B54B-1685ED4401AA}.Debug|iPhoneSimulator.Build.0 = Debug|Any CPU
		{3E4E20FB-92F3-4A0B-B54B-1685ED4401AA}.Debug|x64.ActiveCfg = Debug|Any CPU
		{3E4E20FB-92F3-4A0B-B54B-1685ED4401AA}.Debug|x64.Build.0 = Debug|Any CPU
		{3E4E20FB-92F3-4A0B-B54B-1685ED4401AA}.Debug|x86.ActiveCfg = Debug|Any CPU
		{3E4E20FB-92F3-4A0B-B54B-1685ED4401AA}.Debug|x86.Build.0 = Debug|Any CPU
		{3E4E20FB-92F3-4A0B-B54B-1685ED4401AA}.Release|Any CPU.ActiveCfg = Release|Any CPU
		{3E4E20FB-92F3-4A0B-B54B-1685ED4401AA}.Release|Any CPU.Build.0 = Release|Any CPU
		{3E4E20FB-92F3-4A0B-B54B-1685ED4401AA}.Release|ARM.ActiveCfg = Release|Any CPU
		{3E4E20FB-92F3-4A0B-B54B-1685ED4401AA}.Release|ARM.Build.0 = Release|Any CPU
		{3E4E20FB-92F3-4A0B-B54B-1685ED4401AA}.Release|iPhone.ActiveCfg = Release|Any CPU
		{3E4E20FB-92F3-4A0B-B54B-1685ED4401AA}.Release|iPhone.Build.0 = Release|Any CPU
		{3E4E20FB-92F3-4A0B-B54B-1685ED4401AA}.Release|iPhoneSimulator.ActiveCfg = Release|Any CPU
		{3E4E20FB-92F3-4A0B-B54B-1685ED4401AA}.Release|iPhoneSimulator.Build.0 = Release|Any CPU
		{3E4E20FB-92F3-4A0B-B54B-1685ED4401AA}.Release|x64.ActiveCfg = Release|Any CPU
		{3E4E20FB-92F3-4A0B-B54B-1685ED4401AA}.Release|x64.Build.0 = Release|Any CPU
		{3E4E20FB-92F3-4A0B-B54B-1685ED4401AA}.Release|x86.ActiveCfg = Release|Any CPU
		{3E4E20FB-92F3-4A0B-B54B-1685ED4401AA}.Release|x86.Build.0 = Release|Any CPU
		{3E4E20FB-92F3-4A0B-B54B-1685ED4401AA}.Release-JP|Any CPU.ActiveCfg = Release|Any CPU
		{3E4E20FB-92F3-4A0B-B54B-1685ED4401AA}.Release-JP|Any CPU.Build.0 = Release|Any CPU
		{3E4E20FB-92F3-4A0B-B54B-1685ED4401AA}.Release-JP|ARM.ActiveCfg = Release|Any CPU
		{3E4E20FB-92F3-4A0B-B54B-1685ED4401AA}.Release-JP|ARM.Build.0 = Release|Any CPU
		{3E4E20FB-92F3-4A0B-B54B-1685ED4401AA}.Release-JP|iPhone.ActiveCfg = Release|Any CPU
		{3E4E20FB-92F3-4A0B-B54B-1685ED4401AA}.Release-JP|iPhone.Build.0 = Release|Any CPU
		{3E4E20FB-92F3-4A0B-B54B-1685ED4401AA}.Release-JP|iPhoneSimulator.ActiveCfg = Release|Any CPU
		{3E4E20FB-92F3-4A0B-B54B-1685ED4401AA}.Release-JP|iPhoneSimulator.Build.0 = Release|Any CPU
		{3E4E20FB-92F3-4A0B-B54B-1685ED4401AA}.Release-JP|x64.ActiveCfg = Release|Any CPU
		{3E4E20FB-92F3-4A0B-B54B-1685ED4401AA}.Release-JP|x64.Build.0 = Release|Any CPU
		{3E4E20FB-92F3-4A0B-B54B-1685ED4401AA}.Release-JP|x86.ActiveCfg = Release|Any CPU
		{3E4E20FB-92F3-4A0B-B54B-1685ED4401AA}.Release-JP|x86.Build.0 = Release|Any CPU
		{9BB05F4C-A862-454E-91A9-3CC8BD1284DD}.Debug|Any CPU.ActiveCfg = Debug|Any CPU
		{9BB05F4C-A862-454E-91A9-3CC8BD1284DD}.Debug|Any CPU.Build.0 = Debug|Any CPU
		{9BB05F4C-A862-454E-91A9-3CC8BD1284DD}.Debug|ARM.ActiveCfg = Debug|Any CPU
		{9BB05F4C-A862-454E-91A9-3CC8BD1284DD}.Debug|ARM.Build.0 = Debug|Any CPU
		{9BB05F4C-A862-454E-91A9-3CC8BD1284DD}.Debug|iPhone.ActiveCfg = Debug|Any CPU
		{9BB05F4C-A862-454E-91A9-3CC8BD1284DD}.Debug|iPhone.Build.0 = Debug|Any CPU
		{9BB05F4C-A862-454E-91A9-3CC8BD1284DD}.Debug|iPhoneSimulator.ActiveCfg = Debug|Any CPU
		{9BB05F4C-A862-454E-91A9-3CC8BD1284DD}.Debug|iPhoneSimulator.Build.0 = Debug|Any CPU
		{9BB05F4C-A862-454E-91A9-3CC8BD1284DD}.Debug|x64.ActiveCfg = Debug|Any CPU
		{9BB05F4C-A862-454E-91A9-3CC8BD1284DD}.Debug|x64.Build.0 = Debug|Any CPU
		{9BB05F4C-A862-454E-91A9-3CC8BD1284DD}.Debug|x86.ActiveCfg = Debug|Any CPU
		{9BB05F4C-A862-454E-91A9-3CC8BD1284DD}.Debug|x86.Build.0 = Debug|Any CPU
		{9BB05F4C-A862-454E-91A9-3CC8BD1284DD}.Release|Any CPU.ActiveCfg = Release|Any CPU
		{9BB05F4C-A862-454E-91A9-3CC8BD1284DD}.Release|Any CPU.Build.0 = Release|Any CPU
		{9BB05F4C-A862-454E-91A9-3CC8BD1284DD}.Release|ARM.ActiveCfg = Release|Any CPU
		{9BB05F4C-A862-454E-91A9-3CC8BD1284DD}.Release|ARM.Build.0 = Release|Any CPU
		{9BB05F4C-A862-454E-91A9-3CC8BD1284DD}.Release|iPhone.ActiveCfg = Release|Any CPU
		{9BB05F4C-A862-454E-91A9-3CC8BD1284DD}.Release|iPhone.Build.0 = Release|Any CPU
		{9BB05F4C-A862-454E-91A9-3CC8BD1284DD}.Release|iPhoneSimulator.ActiveCfg = Release|Any CPU
		{9BB05F4C-A862-454E-91A9-3CC8BD1284DD}.Release|iPhoneSimulator.Build.0 = Release|Any CPU
		{9BB05F4C-A862-454E-91A9-3CC8BD1284DD}.Release|x64.ActiveCfg = Release|Any CPU
		{9BB05F4C-A862-454E-91A9-3CC8BD1284DD}.Release|x64.Build.0 = Release|Any CPU
		{9BB05F4C-A862-454E-91A9-3CC8BD1284DD}.Release|x86.ActiveCfg = Release|Any CPU
		{9BB05F4C-A862-454E-91A9-3CC8BD1284DD}.Release|x86.Build.0 = Release|Any CPU
		{9BB05F4C-A862-454E-91A9-3CC8BD1284DD}.Release-JP|Any CPU.ActiveCfg = Release|Any CPU
		{9BB05F4C-A862-454E-91A9-3CC8BD1284DD}.Release-JP|Any CPU.Build.0 = Release|Any CPU
		{9BB05F4C-A862-454E-91A9-3CC8BD1284DD}.Release-JP|ARM.ActiveCfg = Release|Any CPU
		{9BB05F4C-A862-454E-91A9-3CC8BD1284DD}.Release-JP|ARM.Build.0 = Release|Any CPU
		{9BB05F4C-A862-454E-91A9-3CC8BD1284DD}.Release-JP|iPhone.ActiveCfg = Release|Any CPU
		{9BB05F4C-A862-454E-91A9-3CC8BD1284DD}.Release-JP|iPhone.Build.0 = Release|Any CPU
		{9BB05F4C-A862-454E-91A9-3CC8BD1284DD}.Release-JP|iPhoneSimulator.ActiveCfg = Release|Any CPU
		{9BB05F4C-A862-454E-91A9-3CC8BD1284DD}.Release-JP|iPhoneSimulator.Build.0 = Release|Any CPU
		{9BB05F4C-A862-454E-91A9-3CC8BD1284DD}.Release-JP|x64.ActiveCfg = Release|Any CPU
		{9BB05F4C-A862-454E-91A9-3CC8BD1284DD}.Release-JP|x64.Build.0 = Release|Any CPU
		{9BB05F4C-A862-454E-91A9-3CC8BD1284DD}.Release-JP|x86.ActiveCfg = Release|Any CPU
		{9BB05F4C-A862-454E-91A9-3CC8BD1284DD}.Release-JP|x86.Build.0 = Release|Any CPU
		{70C13F3D-5CE2-49D1-B86D-14DB7B7C8697}.Debug|Any CPU.ActiveCfg = Debug|Any CPU
		{70C13F3D-5CE2-49D1-B86D-14DB7B7C8697}.Debug|ARM.ActiveCfg = Debug|Any CPU
		{70C13F3D-5CE2-49D1-B86D-14DB7B7C8697}.Debug|iPhone.ActiveCfg = Debug|Any CPU
		{70C13F3D-5CE2-49D1-B86D-14DB7B7C8697}.Debug|iPhoneSimulator.ActiveCfg = Debug|Any CPU
		{70C13F3D-5CE2-49D1-B86D-14DB7B7C8697}.Debug|x64.ActiveCfg = Debug|Any CPU
		{70C13F3D-5CE2-49D1-B86D-14DB7B7C8697}.Debug|x86.ActiveCfg = Debug|Any CPU
		{70C13F3D-5CE2-49D1-B86D-14DB7B7C8697}.Release|Any CPU.ActiveCfg = Release|Any CPU
		{70C13F3D-5CE2-49D1-B86D-14DB7B7C8697}.Release|ARM.ActiveCfg = Release|Any CPU
		{70C13F3D-5CE2-49D1-B86D-14DB7B7C8697}.Release|iPhone.ActiveCfg = Release|Any CPU
		{70C13F3D-5CE2-49D1-B86D-14DB7B7C8697}.Release|iPhoneSimulator.ActiveCfg = Release|Any CPU
		{70C13F3D-5CE2-49D1-B86D-14DB7B7C8697}.Release|x64.ActiveCfg = Release|Any CPU
		{70C13F3D-5CE2-49D1-B86D-14DB7B7C8697}.Release|x86.ActiveCfg = Release|Any CPU
		{70C13F3D-5CE2-49D1-B86D-14DB7B7C8697}.Release-JP|Any CPU.ActiveCfg = Release|Any CPU
		{70C13F3D-5CE2-49D1-B86D-14DB7B7C8697}.Release-JP|ARM.ActiveCfg = Release|Any CPU
		{70C13F3D-5CE2-49D1-B86D-14DB7B7C8697}.Release-JP|iPhone.ActiveCfg = Release|Any CPU
		{70C13F3D-5CE2-49D1-B86D-14DB7B7C8697}.Release-JP|iPhoneSimulator.ActiveCfg = Release|Any CPU
		{70C13F3D-5CE2-49D1-B86D-14DB7B7C8697}.Release-JP|x64.ActiveCfg = Release|Any CPU
		{70C13F3D-5CE2-49D1-B86D-14DB7B7C8697}.Release-JP|x86.ActiveCfg = Release|Any CPU
		{DD522523-AFAD-4756-A929-CBC29471E9A9}.Debug|Any CPU.ActiveCfg = Debug|Any CPU
		{DD522523-AFAD-4756-A929-CBC29471E9A9}.Debug|Any CPU.Build.0 = Debug|Any CPU
		{DD522523-AFAD-4756-A929-CBC29471E9A9}.Debug|ARM.ActiveCfg = Debug|Any CPU
		{DD522523-AFAD-4756-A929-CBC29471E9A9}.Debug|ARM.Build.0 = Debug|Any CPU
		{DD522523-AFAD-4756-A929-CBC29471E9A9}.Debug|iPhone.ActiveCfg = Debug|Any CPU
		{DD522523-AFAD-4756-A929-CBC29471E9A9}.Debug|iPhone.Build.0 = Debug|Any CPU
		{DD522523-AFAD-4756-A929-CBC29471E9A9}.Debug|iPhoneSimulator.ActiveCfg = Debug|Any CPU
		{DD522523-AFAD-4756-A929-CBC29471E9A9}.Debug|iPhoneSimulator.Build.0 = Debug|Any CPU
		{DD522523-AFAD-4756-A929-CBC29471E9A9}.Debug|x64.ActiveCfg = Debug|Any CPU
		{DD522523-AFAD-4756-A929-CBC29471E9A9}.Debug|x64.Build.0 = Debug|Any CPU
		{DD522523-AFAD-4756-A929-CBC29471E9A9}.Debug|x86.ActiveCfg = Debug|Any CPU
		{DD522523-AFAD-4756-A929-CBC29471E9A9}.Debug|x86.Build.0 = Debug|Any CPU
		{DD522523-AFAD-4756-A929-CBC29471E9A9}.Release|Any CPU.ActiveCfg = Release|Any CPU
		{DD522523-AFAD-4756-A929-CBC29471E9A9}.Release|Any CPU.Build.0 = Release|Any CPU
		{DD522523-AFAD-4756-A929-CBC29471E9A9}.Release|ARM.ActiveCfg = Release|Any CPU
		{DD522523-AFAD-4756-A929-CBC29471E9A9}.Release|ARM.Build.0 = Release|Any CPU
		{DD522523-AFAD-4756-A929-CBC29471E9A9}.Release|iPhone.ActiveCfg = Release|Any CPU
		{DD522523-AFAD-4756-A929-CBC29471E9A9}.Release|iPhone.Build.0 = Release|Any CPU
		{DD522523-AFAD-4756-A929-CBC29471E9A9}.Release|iPhoneSimulator.ActiveCfg = Release|Any CPU
		{DD522523-AFAD-4756-A929-CBC29471E9A9}.Release|iPhoneSimulator.Build.0 = Release|Any CPU
		{DD522523-AFAD-4756-A929-CBC29471E9A9}.Release|x64.ActiveCfg = Release|Any CPU
		{DD522523-AFAD-4756-A929-CBC29471E9A9}.Release|x64.Build.0 = Release|Any CPU
		{DD522523-AFAD-4756-A929-CBC29471E9A9}.Release|x86.ActiveCfg = Release|Any CPU
		{DD522523-AFAD-4756-A929-CBC29471E9A9}.Release|x86.Build.0 = Release|Any CPU
		{DD522523-AFAD-4756-A929-CBC29471E9A9}.Release-JP|Any CPU.ActiveCfg = Release|Any CPU
		{DD522523-AFAD-4756-A929-CBC29471E9A9}.Release-JP|Any CPU.Build.0 = Release|Any CPU
		{DD522523-AFAD-4756-A929-CBC29471E9A9}.Release-JP|ARM.ActiveCfg = Release|Any CPU
		{DD522523-AFAD-4756-A929-CBC29471E9A9}.Release-JP|ARM.Build.0 = Release|Any CPU
		{DD522523-AFAD-4756-A929-CBC29471E9A9}.Release-JP|iPhone.ActiveCfg = Release|Any CPU
		{DD522523-AFAD-4756-A929-CBC29471E9A9}.Release-JP|iPhone.Build.0 = Release|Any CPU
		{DD522523-AFAD-4756-A929-CBC29471E9A9}.Release-JP|iPhoneSimulator.ActiveCfg = Release|Any CPU
		{DD522523-AFAD-4756-A929-CBC29471E9A9}.Release-JP|iPhoneSimulator.Build.0 = Release|Any CPU
		{DD522523-AFAD-4756-A929-CBC29471E9A9}.Release-JP|x64.ActiveCfg = Release|Any CPU
		{DD522523-AFAD-4756-A929-CBC29471E9A9}.Release-JP|x64.Build.0 = Release|Any CPU
		{DD522523-AFAD-4756-A929-CBC29471E9A9}.Release-JP|x86.ActiveCfg = Release|Any CPU
		{DD522523-AFAD-4756-A929-CBC29471E9A9}.Release-JP|x86.Build.0 = Release|Any CPU
		{0FBF73BF-7BD4-4F98-B440-610772A84520}.Debug|Any CPU.ActiveCfg = Debug|Any CPU
		{0FBF73BF-7BD4-4F98-B440-610772A84520}.Debug|Any CPU.Build.0 = Debug|Any CPU
		{0FBF73BF-7BD4-4F98-B440-610772A84520}.Debug|ARM.ActiveCfg = Debug|Any CPU
		{0FBF73BF-7BD4-4F98-B440-610772A84520}.Debug|ARM.Build.0 = Debug|Any CPU
		{0FBF73BF-7BD4-4F98-B440-610772A84520}.Debug|iPhone.ActiveCfg = Debug|Any CPU
		{0FBF73BF-7BD4-4F98-B440-610772A84520}.Debug|iPhone.Build.0 = Debug|Any CPU
		{0FBF73BF-7BD4-4F98-B440-610772A84520}.Debug|iPhoneSimulator.ActiveCfg = Debug|Any CPU
		{0FBF73BF-7BD4-4F98-B440-610772A84520}.Debug|iPhoneSimulator.Build.0 = Debug|Any CPU
		{0FBF73BF-7BD4-4F98-B440-610772A84520}.Debug|x64.ActiveCfg = Debug|Any CPU
		{0FBF73BF-7BD4-4F98-B440-610772A84520}.Debug|x64.Build.0 = Debug|Any CPU
		{0FBF73BF-7BD4-4F98-B440-610772A84520}.Debug|x86.ActiveCfg = Debug|Any CPU
		{0FBF73BF-7BD4-4F98-B440-610772A84520}.Debug|x86.Build.0 = Debug|Any CPU
		{0FBF73BF-7BD4-4F98-B440-610772A84520}.Release|Any CPU.ActiveCfg = Release|Any CPU
		{0FBF73BF-7BD4-4F98-B440-610772A84520}.Release|Any CPU.Build.0 = Release|Any CPU
		{0FBF73BF-7BD4-4F98-B440-610772A84520}.Release|ARM.ActiveCfg = Release|Any CPU
		{0FBF73BF-7BD4-4F98-B440-610772A84520}.Release|ARM.Build.0 = Release|Any CPU
		{0FBF73BF-7BD4-4F98-B440-610772A84520}.Release|iPhone.ActiveCfg = Release|Any CPU
		{0FBF73BF-7BD4-4F98-B440-610772A84520}.Release|iPhone.Build.0 = Release|Any CPU
		{0FBF73BF-7BD4-4F98-B440-610772A84520}.Release|iPhoneSimulator.ActiveCfg = Release|Any CPU
		{0FBF73BF-7BD4-4F98-B440-610772A84520}.Release|iPhoneSimulator.Build.0 = Release|Any CPU
		{0FBF73BF-7BD4-4F98-B440-610772A84520}.Release|x64.ActiveCfg = Release|Any CPU
		{0FBF73BF-7BD4-4F98-B440-610772A84520}.Release|x64.Build.0 = Release|Any CPU
		{0FBF73BF-7BD4-4F98-B440-610772A84520}.Release|x86.ActiveCfg = Release|Any CPU
		{0FBF73BF-7BD4-4F98-B440-610772A84520}.Release|x86.Build.0 = Release|Any CPU
		{0FBF73BF-7BD4-4F98-B440-610772A84520}.Release-JP|Any CPU.ActiveCfg = Release|Any CPU
		{0FBF73BF-7BD4-4F98-B440-610772A84520}.Release-JP|Any CPU.Build.0 = Release|Any CPU
		{0FBF73BF-7BD4-4F98-B440-610772A84520}.Release-JP|ARM.ActiveCfg = Release|Any CPU
		{0FBF73BF-7BD4-4F98-B440-610772A84520}.Release-JP|ARM.Build.0 = Release|Any CPU
		{0FBF73BF-7BD4-4F98-B440-610772A84520}.Release-JP|iPhone.ActiveCfg = Release|Any CPU
		{0FBF73BF-7BD4-4F98-B440-610772A84520}.Release-JP|iPhone.Build.0 = Release|Any CPU
		{0FBF73BF-7BD4-4F98-B440-610772A84520}.Release-JP|iPhoneSimulator.ActiveCfg = Release|Any CPU
		{0FBF73BF-7BD4-4F98-B440-610772A84520}.Release-JP|iPhoneSimulator.Build.0 = Release|Any CPU
		{0FBF73BF-7BD4-4F98-B440-610772A84520}.Release-JP|x64.ActiveCfg = Release|Any CPU
		{0FBF73BF-7BD4-4F98-B440-610772A84520}.Release-JP|x64.Build.0 = Release|Any CPU
		{0FBF73BF-7BD4-4F98-B440-610772A84520}.Release-JP|x86.ActiveCfg = Release|Any CPU
		{0FBF73BF-7BD4-4F98-B440-610772A84520}.Release-JP|x86.Build.0 = Release|Any CPU
		{A589278F-91D7-47D0-901D-8FD66B85D9D3}.Debug|Any CPU.ActiveCfg = Debug|Any CPU
		{A589278F-91D7-47D0-901D-8FD66B85D9D3}.Debug|Any CPU.Build.0 = Debug|Any CPU
		{A589278F-91D7-47D0-901D-8FD66B85D9D3}.Debug|ARM.ActiveCfg = Debug|Any CPU
		{A589278F-91D7-47D0-901D-8FD66B85D9D3}.Debug|ARM.Build.0 = Debug|Any CPU
		{A589278F-91D7-47D0-901D-8FD66B85D9D3}.Debug|iPhone.ActiveCfg = Debug|Any CPU
		{A589278F-91D7-47D0-901D-8FD66B85D9D3}.Debug|iPhone.Build.0 = Debug|Any CPU
		{A589278F-91D7-47D0-901D-8FD66B85D9D3}.Debug|iPhoneSimulator.ActiveCfg = Debug|Any CPU
		{A589278F-91D7-47D0-901D-8FD66B85D9D3}.Debug|iPhoneSimulator.Build.0 = Debug|Any CPU
		{A589278F-91D7-47D0-901D-8FD66B85D9D3}.Debug|x64.ActiveCfg = Debug|Any CPU
		{A589278F-91D7-47D0-901D-8FD66B85D9D3}.Debug|x64.Build.0 = Debug|Any CPU
		{A589278F-91D7-47D0-901D-8FD66B85D9D3}.Debug|x86.ActiveCfg = Debug|Any CPU
		{A589278F-91D7-47D0-901D-8FD66B85D9D3}.Debug|x86.Build.0 = Debug|Any CPU
		{A589278F-91D7-47D0-901D-8FD66B85D9D3}.Release|Any CPU.ActiveCfg = Release|Any CPU
		{A589278F-91D7-47D0-901D-8FD66B85D9D3}.Release|Any CPU.Build.0 = Release|Any CPU
		{A589278F-91D7-47D0-901D-8FD66B85D9D3}.Release|ARM.ActiveCfg = Release|Any CPU
		{A589278F-91D7-47D0-901D-8FD66B85D9D3}.Release|ARM.Build.0 = Release|Any CPU
		{A589278F-91D7-47D0-901D-8FD66B85D9D3}.Release|iPhone.ActiveCfg = Release|Any CPU
		{A589278F-91D7-47D0-901D-8FD66B85D9D3}.Release|iPhone.Build.0 = Release|Any CPU
		{A589278F-91D7-47D0-901D-8FD66B85D9D3}.Release|iPhoneSimulator.ActiveCfg = Release|Any CPU
		{A589278F-91D7-47D0-901D-8FD66B85D9D3}.Release|iPhoneSimulator.Build.0 = Release|Any CPU
		{A589278F-91D7-47D0-901D-8FD66B85D9D3}.Release|x64.ActiveCfg = Release|Any CPU
		{A589278F-91D7-47D0-901D-8FD66B85D9D3}.Release|x64.Build.0 = Release|Any CPU
		{A589278F-91D7-47D0-901D-8FD66B85D9D3}.Release|x86.ActiveCfg = Release|Any CPU
		{A589278F-91D7-47D0-901D-8FD66B85D9D3}.Release|x86.Build.0 = Release|Any CPU
		{A589278F-91D7-47D0-901D-8FD66B85D9D3}.Release-JP|Any CPU.ActiveCfg = Release|Any CPU
		{A589278F-91D7-47D0-901D-8FD66B85D9D3}.Release-JP|Any CPU.Build.0 = Release|Any CPU
		{A589278F-91D7-47D0-901D-8FD66B85D9D3}.Release-JP|ARM.ActiveCfg = Release|Any CPU
		{A589278F-91D7-47D0-901D-8FD66B85D9D3}.Release-JP|ARM.Build.0 = Release|Any CPU
		{A589278F-91D7-47D0-901D-8FD66B85D9D3}.Release-JP|iPhone.ActiveCfg = Release|Any CPU
		{A589278F-91D7-47D0-901D-8FD66B85D9D3}.Release-JP|iPhone.Build.0 = Release|Any CPU
		{A589278F-91D7-47D0-901D-8FD66B85D9D3}.Release-JP|iPhoneSimulator.ActiveCfg = Release|Any CPU
		{A589278F-91D7-47D0-901D-8FD66B85D9D3}.Release-JP|iPhoneSimulator.Build.0 = Release|Any CPU
		{A589278F-91D7-47D0-901D-8FD66B85D9D3}.Release-JP|x64.ActiveCfg = Release|Any CPU
		{A589278F-91D7-47D0-901D-8FD66B85D9D3}.Release-JP|x64.Build.0 = Release|Any CPU
		{A589278F-91D7-47D0-901D-8FD66B85D9D3}.Release-JP|x86.ActiveCfg = Release|Any CPU
		{A589278F-91D7-47D0-901D-8FD66B85D9D3}.Release-JP|x86.Build.0 = Release|Any CPU
		{51F2CD02-92A0-413F-BC5C-84BF1EA674E3}.Debug|Any CPU.ActiveCfg = Debug|Any CPU
		{51F2CD02-92A0-413F-BC5C-84BF1EA674E3}.Debug|Any CPU.Build.0 = Debug|Any CPU
		{51F2CD02-92A0-413F-BC5C-84BF1EA674E3}.Debug|ARM.ActiveCfg = Debug|Any CPU
		{51F2CD02-92A0-413F-BC5C-84BF1EA674E3}.Debug|ARM.Build.0 = Debug|Any CPU
		{51F2CD02-92A0-413F-BC5C-84BF1EA674E3}.Debug|iPhone.ActiveCfg = Debug|Any CPU
		{51F2CD02-92A0-413F-BC5C-84BF1EA674E3}.Debug|iPhone.Build.0 = Debug|Any CPU
		{51F2CD02-92A0-413F-BC5C-84BF1EA674E3}.Debug|iPhoneSimulator.ActiveCfg = Debug|Any CPU
		{51F2CD02-92A0-413F-BC5C-84BF1EA674E3}.Debug|iPhoneSimulator.Build.0 = Debug|Any CPU
		{51F2CD02-92A0-413F-BC5C-84BF1EA674E3}.Debug|x64.ActiveCfg = Debug|Any CPU
		{51F2CD02-92A0-413F-BC5C-84BF1EA674E3}.Debug|x64.Build.0 = Debug|Any CPU
		{51F2CD02-92A0-413F-BC5C-84BF1EA674E3}.Debug|x86.ActiveCfg = Debug|Any CPU
		{51F2CD02-92A0-413F-BC5C-84BF1EA674E3}.Debug|x86.Build.0 = Debug|Any CPU
		{51F2CD02-92A0-413F-BC5C-84BF1EA674E3}.Release|Any CPU.ActiveCfg = Release|Any CPU
		{51F2CD02-92A0-413F-BC5C-84BF1EA674E3}.Release|Any CPU.Build.0 = Release|Any CPU
		{51F2CD02-92A0-413F-BC5C-84BF1EA674E3}.Release|ARM.ActiveCfg = Release|Any CPU
		{51F2CD02-92A0-413F-BC5C-84BF1EA674E3}.Release|ARM.Build.0 = Release|Any CPU
		{51F2CD02-92A0-413F-BC5C-84BF1EA674E3}.Release|iPhone.ActiveCfg = Release|Any CPU
		{51F2CD02-92A0-413F-BC5C-84BF1EA674E3}.Release|iPhone.Build.0 = Release|Any CPU
		{51F2CD02-92A0-413F-BC5C-84BF1EA674E3}.Release|iPhoneSimulator.ActiveCfg = Release|Any CPU
		{51F2CD02-92A0-413F-BC5C-84BF1EA674E3}.Release|iPhoneSimulator.Build.0 = Release|Any CPU
		{51F2CD02-92A0-413F-BC5C-84BF1EA674E3}.Release|x64.ActiveCfg = Release|Any CPU
		{51F2CD02-92A0-413F-BC5C-84BF1EA674E3}.Release|x64.Build.0 = Release|Any CPU
		{51F2CD02-92A0-413F-BC5C-84BF1EA674E3}.Release|x86.ActiveCfg = Release|Any CPU
		{51F2CD02-92A0-413F-BC5C-84BF1EA674E3}.Release|x86.Build.0 = Release|Any CPU
		{51F2CD02-92A0-413F-BC5C-84BF1EA674E3}.Release-JP|Any CPU.ActiveCfg = Release|Any CPU
		{51F2CD02-92A0-413F-BC5C-84BF1EA674E3}.Release-JP|Any CPU.Build.0 = Release|Any CPU
		{51F2CD02-92A0-413F-BC5C-84BF1EA674E3}.Release-JP|ARM.ActiveCfg = Release|Any CPU
		{51F2CD02-92A0-413F-BC5C-84BF1EA674E3}.Release-JP|ARM.Build.0 = Release|Any CPU
		{51F2CD02-92A0-413F-BC5C-84BF1EA674E3}.Release-JP|iPhone.ActiveCfg = Release|Any CPU
		{51F2CD02-92A0-413F-BC5C-84BF1EA674E3}.Release-JP|iPhone.Build.0 = Release|Any CPU
		{51F2CD02-92A0-413F-BC5C-84BF1EA674E3}.Release-JP|iPhoneSimulator.ActiveCfg = Release|Any CPU
		{51F2CD02-92A0-413F-BC5C-84BF1EA674E3}.Release-JP|iPhoneSimulator.Build.0 = Release|Any CPU
		{51F2CD02-92A0-413F-BC5C-84BF1EA674E3}.Release-JP|x64.ActiveCfg = Release|Any CPU
		{51F2CD02-92A0-413F-BC5C-84BF1EA674E3}.Release-JP|x64.Build.0 = Release|Any CPU
		{51F2CD02-92A0-413F-BC5C-84BF1EA674E3}.Release-JP|x86.ActiveCfg = Release|Any CPU
		{51F2CD02-92A0-413F-BC5C-84BF1EA674E3}.Release-JP|x86.Build.0 = Release|Any CPU
	EndGlobalSection
	GlobalSection(SolutionProperties) = preSolution
		HideSolutionNode = FALSE
	EndGlobalSection
	GlobalSection(ExtensibilityGlobals) = postSolution
		SolutionGuid = {ACC6DECF-89B0-43F5-A562-7C02A9B91040}
	EndGlobalSection
EndGlobal
